
Microsoft Visual Studio Solution File, Format Version 12.00
# Visual Studio 15
VisualStudioVersion = 15.0.26228.9
MinimumVisualStudioVersion = 10.0.40219.1
Project("{2150E333-8FDC-42A3-9474-1A3956D46DE8}") = "Projects", "Projects", "{0C30A7C2-EF0A-4833-8ADA-4A0BC9DF3937}"
EndProject
Project("{2150E333-8FDC-42A3-9474-1A3956D46DE8}") = "Tests", "Tests", "{33F41BB4-57A7-450E-A829-471B01E0FFFE}"
EndProject
Project("{FAE04EC0-301F-11D3-BF4B-00C04F79EFBC}") = "Shinobytes.XzaarScript.Tests", "Shinobytes.XzaarScript.Interpreter.Tests\Shinobytes.XzaarScript.Tests.csproj", "{CB32B121-C876-4EB3-9B43-12933D71E1E5}"
EndProject
Project("{FAE04EC0-301F-11D3-BF4B-00C04F79EFBC}") = "Shinobytes.XzaarScript", "Shinobytes.XzaarScript\Shinobytes.XzaarScript.csproj", "{ADF1097D-6D40-42E1-A77E-EDA68ECD1116}"
EndProject
Project("{FAE04EC0-301F-11D3-BF4B-00C04F79EFBC}") = "Shinobytes.XzaarScript.WebInterpreter", "Shinobytes.XzaarScript.WebInterpreter\Shinobytes.XzaarScript.WebInterpreter.csproj", "{7729D1DF-EEDF-46C5-BCF2-E03952CA4D12}"
EndProject
Project("{FAE04EC0-301F-11D3-BF4B-00C04F79EFBC}") = "Shinobytes.XzaarScript.ConsoleTest", "Shinobytes.XzaarScript.ConsoleTest\Shinobytes.XzaarScript.ConsoleTest.csproj", "{D28F7629-2B16-4740-9917-EDEA9E848143}"
EndProject
Project("{FAE04EC0-301F-11D3-BF4B-00C04F79EFBC}") = "Shinobytes.Bytecode.Puzzles", "Shinobytes.CrackerMonkey.Puzzles\Shinobytes.Bytecode.Puzzles.csproj", "{24E3CBBC-6A2C-4F40-89EB-0603437EE314}"
EndProject
Global
	GlobalSection(SolutionConfigurationPlatforms) = preSolution
		Debug|Any CPU = Debug|Any CPU
		Debug|x64 = Debug|x64
		Debug|x86 = Debug|x86
		Release|Any CPU = Release|Any CPU
		Release|x64 = Release|x64
		Release|x86 = Release|x86
	EndGlobalSection
	GlobalSection(ProjectConfigurationPlatforms) = postSolution
		{CB32B121-C876-4EB3-9B43-12933D71E1E5}.Debug|Any CPU.ActiveCfg = Debug|Any CPU
		{CB32B121-C876-4EB3-9B43-12933D71E1E5}.Debug|Any CPU.Build.0 = Debug|Any CPU
		{CB32B121-C876-4EB3-9B43-12933D71E1E5}.Debug|x64.ActiveCfg = Debug|Any CPU
		{CB32B121-C876-4EB3-9B43-12933D71E1E5}.Debug|x64.Build.0 = Debug|Any CPU
		{CB32B121-C876-4EB3-9B43-12933D71E1E5}.Debug|x86.ActiveCfg = Debug|Any CPU
		{CB32B121-C876-4EB3-9B43-12933D71E1E5}.Debug|x86.Build.0 = Debug|Any CPU
		{CB32B121-C876-4EB3-9B43-12933D71E1E5}.Release|Any CPU.ActiveCfg = Release|Any CPU
		{CB32B121-C876-4EB3-9B43-12933D71E1E5}.Release|Any CPU.Build.0 = Release|Any CPU
		{CB32B121-C876-4EB3-9B43-12933D71E1E5}.Release|x64.ActiveCfg = Release|Any CPU
		{CB32B121-C876-4EB3-9B43-12933D71E1E5}.Release|x64.Build.0 = Release|Any CPU
		{CB32B121-C876-4EB3-9B43-12933D71E1E5}.Release|x86.ActiveCfg = Release|Any CPU
		{CB32B121-C876-4EB3-9B43-12933D71E1E5}.Release|x86.Build.0 = Release|Any CPU
		{ADF1097D-6D40-42E1-A77E-EDA68ECD1116}.Debug|Any CPU.ActiveCfg = Debug|Any CPU
		{ADF1097D-6D40-42E1-A77E-EDA68ECD1116}.Debug|Any CPU.Build.0 = Debug|Any CPU
		{ADF1097D-6D40-42E1-A77E-EDA68ECD1116}.Debug|x64.ActiveCfg = Debug|Any CPU
		{ADF1097D-6D40-42E1-A77E-EDA68ECD1116}.Debug|x64.Build.0 = Debug|Any CPU
		{ADF1097D-6D40-42E1-A77E-EDA68ECD1116}.Debug|x86.ActiveCfg = Debug|Any CPU
		{ADF1097D-6D40-42E1-A77E-EDA68ECD1116}.Debug|x86.Build.0 = Debug|Any CPU
		{ADF1097D-6D40-42E1-A77E-EDA68ECD1116}.Release|Any CPU.ActiveCfg = Release|Any CPU
		{ADF1097D-6D40-42E1-A77E-EDA68ECD1116}.Release|Any CPU.Build.0 = Release|Any CPU
		{ADF1097D-6D40-42E1-A77E-EDA68ECD1116}.Release|x64.ActiveCfg = Release|Any CPU
		{ADF1097D-6D40-42E1-A77E-EDA68ECD1116}.Release|x64.Build.0 = Release|Any CPU
		{ADF1097D-6D40-42E1-A77E-EDA68ECD1116}.Release|x86.ActiveCfg = Release|Any CPU
		{ADF1097D-6D40-42E1-A77E-EDA68ECD1116}.Release|x86.Build.0 = Release|Any CPU
		{7729D1DF-EEDF-46C5-BCF2-E03952CA4D12}.Debug|Any CPU.ActiveCfg = Debug|Any CPU
		{7729D1DF-EEDF-46C5-BCF2-E03952CA4D12}.Debug|Any CPU.Build.0 = Debug|Any CPU
		{7729D1DF-EEDF-46C5-BCF2-E03952CA4D12}.Debug|x64.ActiveCfg = Debug|Any CPU
		{7729D1DF-EEDF-46C5-BCF2-E03952CA4D12}.Debug|x64.Build.0 = Debug|Any CPU
		{7729D1DF-EEDF-46C5-BCF2-E03952CA4D12}.Debug|x86.ActiveCfg = Debug|Any CPU
		{7729D1DF-EEDF-46C5-BCF2-E03952CA4D12}.Debug|x86.Build.0 = Debug|Any CPU
		{7729D1DF-EEDF-46C5-BCF2-E03952CA4D12}.Release|Any CPU.ActiveCfg = Release|Any CPU
		{7729D1DF-EEDF-46C5-BCF2-E03952CA4D12}.Release|Any CPU.Build.0 = Release|Any CPU
		{7729D1DF-EEDF-46C5-BCF2-E03952CA4D12}.Release|x64.ActiveCfg = Release|Any CPU
		{7729D1DF-EEDF-46C5-BCF2-E03952CA4D12}.Release|x64.Build.0 = Release|Any CPU
		{7729D1DF-EEDF-46C5-BCF2-E03952CA4D12}.Release|x86.ActiveCfg = Release|Any CPU
		{7729D1DF-EEDF-46C5-BCF2-E03952CA4D12}.Release|x86.Build.0 = Release|Any CPU
		{D28F7629-2B16-4740-9917-EDEA9E848143}.Debug|Any CPU.ActiveCfg = Debug|Any CPU
		{D28F7629-2B16-4740-9917-EDEA9E848143}.Debug|Any CPU.Build.0 = Debug|Any CPU
		{D28F7629-2B16-4740-9917-EDEA9E848143}.Debug|x64.ActiveCfg = Debug|Any CPU
		{D28F7629-2B16-4740-9917-EDEA9E848143}.Debug|x64.Build.0 = Debug|Any CPU
		{D28F7629-2B16-4740-9917-EDEA9E848143}.Debug|x86.ActiveCfg = Debug|Any CPU
		{D28F7629-2B16-4740-9917-EDEA9E848143}.Debug|x86.Build.0 = Debug|Any CPU
		{D28F7629-2B16-4740-9917-EDEA9E848143}.Release|Any CPU.ActiveCfg = Release|Any CPU
		{D28F7629-2B16-4740-9917-EDEA9E848143}.Release|Any CPU.Build.0 = Release|Any CPU
		{D28F7629-2B16-4740-9917-EDEA9E848143}.Release|x64.ActiveCfg = Release|Any CPU
		{D28F7629-2B16-4740-9917-EDEA9E848143}.Release|x64.Build.0 = Release|Any CPU
		{D28F7629-2B16-4740-9917-EDEA9E848143}.Release|x86.ActiveCfg = Release|Any CPU
		{D28F7629-2B16-4740-9917-EDEA9E848143}.Release|x86.Build.0 = Release|Any CPU
		{24E3CBBC-6A2C-4F40-89EB-0603437EE314}.Debug|Any CPU.ActiveCfg = Debug|Any CPU
		{24E3CBBC-6A2C-4F40-89EB-0603437EE314}.Debug|Any CPU.Build.0 = Debug|Any CPU
		{24E3CBBC-6A2C-4F40-89EB-0603437EE314}.Debug|x64.ActiveCfg = Debug|Any CPU
		{24E3CBBC-6A2C-4F40-89EB-0603437EE314}.Debug|x64.Build.0 = Debug|Any CPU
		{24E3CBBC-6A2C-4F40-89EB-0603437EE314}.Debug|x86.ActiveCfg = Debug|Any CPU
		{24E3CBBC-6A2C-4F40-89EB-0603437EE314}.Debug|x86.Build.0 = Debug|Any CPU
		{24E3CBBC-6A2C-4F40-89EB-0603437EE314}.Release|Any CPU.ActiveCfg = Release|Any CPU
		{24E3CBBC-6A2C-4F40-89EB-0603437EE314}.Release|Any CPU.Build.0 = Release|Any CPU
		{24E3CBBC-6A2C-4F40-89EB-0603437EE314}.Release|x64.ActiveCfg = Release|Any CPU
		{24E3CBBC-6A2C-4F40-89EB-0603437EE314}.Release|x64.Build.0 = Release|Any CPU
		{24E3CBBC-6A2C-4F40-89EB-0603437EE314}.Release|x86.ActiveCfg = Release|Any CPU
		{24E3CBBC-6A2C-4F40-89EB-0603437EE314}.Release|x86.Build.0 = Release|Any CPU
	EndGlobalSection
	GlobalSection(SolutionProperties) = preSolution
		HideSolutionNode = FALSE
	EndGlobalSection
	GlobalSection(NestedProjects) = preSolution
		{CB32B121-C876-4EB3-9B43-12933D71E1E5} = {33F41BB4-57A7-450E-A829-471B01E0FFFE}
		{ADF1097D-6D40-42E1-A77E-EDA68ECD1116} = {0C30A7C2-EF0A-4833-8ADA-4A0BC9DF3937}
		{7729D1DF-EEDF-46C5-BCF2-E03952CA4D12} = {0C30A7C2-EF0A-4833-8ADA-4A0BC9DF3937}
		{D28F7629-2B16-4740-9917-EDEA9E848143} = {0C30A7C2-EF0A-4833-8ADA-4A0BC9DF3937}
		{24E3CBBC-6A2C-4F40-89EB-0603437EE314} = {0C30A7C2-EF0A-4833-8ADA-4A0BC9DF3937}
	EndGlobalSection
EndGlobal
